Microsoft Visual Studio Solution File, Format Version 12.00
# Visual Studio Version 17
VisualStudioVersion = 17.5.2.0
MinimumVisualStudioVersion = 10.0.40219.1
Project("{FAE04EC0-301F-11D3-BF4B-00C04F79EFBC}") = "CoreAPI.Core", "CoreAPI.Core.csproj", "{B5A13C5A-133F-BA33-4B07-31BE458FD0A6}"
EndProject
Global
	GlobalSection(SolutionConfigurationPlatforms) = preSolution
		Debug|Any CPU = Debug|Any CPU
		Release|Any CPU = Release|Any CPU
	EndGlobalSection
	GlobalSection(ProjectConfigurationPlatforms) = postSolution
		{B5A13C5A-133F-BA33-4B07-31BE458FD0A6}.Debug|Any CPU.ActiveCfg = Debug|Any CPU
		{B5A13C5A-133F-BA33-4B07-31BE458FD0A6}.Debug|Any CPU.Build.0 = Debug|Any CPU
		{B5A13C5A-133F-BA33-4B07-31BE458FD0A6}.Release|Any CPU.ActiveCfg = Release|Any CPU
		{B5A13C5A-133F-BA33-4B07-31BE458FD0A6}.Release|Any CPU.Build.0 = Release|Any CPU
	EndGlobalSection
	GlobalSection(SolutionProperties) = preSolution
		HideSolutionNode = FALSE
	EndGlobalSection
	GlobalSection(ExtensibilityGlobals) = postSolution
		SolutionGuid = {F41B9A94-FE09-413A-ABF0-143696FC2517}
	EndGlobalSection
EndGlobal
